<?xml version="1.0" encoding="utf-8"?>
<Project ToolsVersion="4.0" xmlns="http://schemas.microsoft.com/developer/msbuild/2003">
  <ItemGroup>
    <Filter Include="HLSL_CS">
      <UniqueIdentifier>{2DFF7161-99DE-F0FC-A2F6-7BD30E55575E}</UniqueIdentifier>
    </Filter>
    <Filter Include="HLSL_PS">
      <UniqueIdentifier>{DA007261-46E0-F0FC-4FF8-7BD3BB56575E}</UniqueIdentifier>
    </Filter>
    <Filter Include="HLSL_VS">
      <UniqueIdentifier>{A0017261-0CE1-F0FC-15F9-7BD38157575E}</UniqueIdentifier>
    </Filter>
    <Filter Include="Platform">
      <UniqueIdentifier>{2AC788B4-1694-E3BF-3FAD-D1672BD9184E}</UniqueIdentifier>
    </Filter>
    <Filter Include="RenderGraph">
      <UniqueIdentifier>{57D96100-C38E-DAF5-4C83-D4CCB837D1F9}</UniqueIdentifier>
    </Filter>
    <Filter Include="RenderGraph\ComputeStage">
      <UniqueIdentifier>{5722281B-4347-779B-6C92-5C2B581676B9}</UniqueIdentifier>
    </Filter>
    <Filter Include="RenderGraph\ComputeStage\2D-Stable-Fluids">
      <UniqueIdentifier>{D886C057-44A1-23F9-8DC3-338DF91C4B00}</UniqueIdentifier>
    </Filter>
    <Filter Include="RenderGraph\ResourceStage">
      <UniqueIdentifier>{22E6970E-8EA8-CB98-D758-5A25435AA476}</UniqueIdentifier>
    </Filter>
    <Filter Include="RenderGraph\ResourceStage\2D-Stable-Fluids">
      <UniqueIdentifier>{03BA9B1E-EF21-62EC-588D-7602441479D8}</UniqueIdentifier>
    </Filter>
    <Filter Include="RenderObject">
      <UniqueIdentifier>{9C81291E-88E4-B8C2-316A-F1781DAC8445}</UniqueIdentifier>
    </Filter>
    <Filter Include="Renderer">
      <UniqueIdentifier>{7CCE658F-689B-C09A-91B4-AE427DE0F528}</UniqueIdentifier>
    </Filter>
    <Filter Include="Utils">
      <UniqueIdentifier>{F68B420E-62A0-6ABF-2B22-0E1F97F566F0}</UniqueIdentifier>
    </Filter>
  </ItemGroup>
  <ItemGroup>
    <ClInclude Include="Game.h" />
    <ClInclude Include="Platform\Input.h">
      <Filter>Platform</Filter>
    </ClInclude>
    <ClInclude Include="Platform\Win32.h">
      <Filter>Platform</Filter>
    </ClInclude>
    <ClInclude Include="RenderGraph\ComputeStage\2D-Stable-Fluids\Advection2DStage.h">
      <Filter>RenderGraph\ComputeStage\2D-Stable-Fluids</Filter>
    </ClInclude>
    <ClInclude Include="RenderGraph\ComputeStage\2D-Stable-Fluids\ComputePressure2DStage.h">
      <Filter>RenderGraph\ComputeStage\2D-Stable-Fluids</Filter>
    </ClInclude>
    <ClInclude Include="RenderGraph\ComputeStage\2D-Stable-Fluids\Diffuse2DStage.h">
      <Filter>RenderGraph\ComputeStage\2D-Stable-Fluids</Filter>
    </ClInclude>
    <ClInclude Include="RenderGraph\ComputeStage\2D-Stable-Fluids\ForceApply2DStage.h">
      <Filter>RenderGraph\ComputeStage\2D-Stable-Fluids</Filter>
    </ClInclude>
    <ClInclude Include="RenderGraph\ComputeStage\2D-Stable-Fluids\Sourcing2DStage.h">
      <Filter>RenderGraph\ComputeStage\2D-Stable-Fluids</Filter>
    </ClInclude>
    <ClInclude Include="RenderGraph\ComputeStage\ComputeStage.h">
      <Filter>RenderGraph\ComputeStage</Filter>
    </ClInclude>
    <ClInclude Include="RenderGraph\ComputeStage\TestCS.h">
      <Filter>RenderGraph\ComputeStage</Filter>
    </ClInclude>
    <ClInclude Include="RenderGraph\CopyStage.h">
      <Filter>RenderGraph</Filter>
    </ClInclude>
    <ClInclude Include="RenderGraph\DrawStage.h">
      <Filter>RenderGraph</Filter>
    </ClInclude>
    <ClInclude Include="RenderGraph\RenderGraph.h">
      <Filter>RenderGraph</Filter>
    </ClInclude>
    <ClInclude Include="RenderGraph\ResourceStage\2D-Stable-Fluids\Pressure2DStage.h">
      <Filter>RenderGraph\ResourceStage\2D-Stable-Fluids</Filter>
    </ClInclude>
    <ClInclude Include="RenderGraph\ResourceStage\2D-Stable-Fluids\Quantity2DStage.h">
      <Filter>RenderGraph\ResourceStage\2D-Stable-Fluids</Filter>
    </ClInclude>
    <ClInclude Include="RenderGraph\ResourceStage\2D-Stable-Fluids\Velocity2DStage.h">
      <Filter>RenderGraph\ResourceStage\2D-Stable-Fluids</Filter>
    </ClInclude>
    <ClInclude Include="RenderGraph\ResourceStage\BackBufferStage.h">
      <Filter>RenderGraph\ResourceStage</Filter>
    </ClInclude>
    <ClInclude Include="RenderGraph\ResourceStage\ResourceStage.h">
      <Filter>RenderGraph\ResourceStage</Filter>
    </ClInclude>
    <ClInclude Include="RenderGraph\Stage.h">
      <Filter>RenderGraph</Filter>
    </ClInclude>
    <ClInclude Include="RenderObject\Material.h">
      <Filter>RenderObject</Filter>
    </ClInclude>
    <ClInclude Include="RenderObject\Mesh.h">
      <Filter>RenderObject</Filter>
    </ClInclude>
    <ClInclude Include="RenderObject\PSTextures.h">
      <Filter>RenderObject</Filter>
    </ClInclude>
    <ClInclude Include="RenderObject\PipelineStateObject.h">
      <Filter>RenderObject</Filter>
    </ClInclude>
    <ClInclude Include="RenderObject\RenderObject.h">
      <Filter>RenderObject</Filter>
    </ClInclude>
    <ClInclude Include="RenderObject\Sphere.h">
      <Filter>RenderObject</Filter>
    </ClInclude>
    <ClInclude Include="RenderObject\Transform.h">
      <Filter>RenderObject</Filter>
    </ClInclude>
    <ClInclude Include="RenderObject\Triangle.h">
      <Filter>RenderObject</Filter>
    </ClInclude>
    <ClInclude Include="Renderer\Camera.h">
      <Filter>Renderer</Filter>
    </ClInclude>
    <ClInclude Include="Renderer\ImGuiRenderer.h">
      <Filter>Renderer</Filter>
    </ClInclude>
    <ClInclude Include="Renderer\Renderer.h">
      <Filter>Renderer</Filter>
    </ClInclude>
    <ClInclude Include="Utils\CircularQueue.h">
      <Filter>Utils</Filter>
    </ClInclude>
    <ClInclude Include="Utils\Clk.h">
      <Filter>Utils</Filter>
    </ClInclude>
    <ClInclude Include="pch.h" />
  </ItemGroup>
  <ItemGroup>
    <ClCompile Include="EntryPoint.cpp" />
    <ClCompile Include="Game.cpp" />
    <ClCompile Include="Platform\Input.cpp">
      <Filter>Platform</Filter>
    </ClCompile>
    <ClCompile Include="Platform\Win32.cpp">
      <Filter>Platform</Filter>
    </ClCompile>
    <ClCompile Include="RenderGraph\ComputeStage\2D-Stable-Fluids\Advection2DStage.cpp">
      <Filter>RenderGraph\ComputeStage\2D-Stable-Fluids</Filter>
    </ClCompile>
    <ClCompile Include="RenderGraph\ComputeStage\2D-Stable-Fluids\ComputePressure2DStage.cpp">
      <Filter>RenderGraph\ComputeStage\2D-Stable-Fluids</Filter>
    </ClCompile>
    <ClCompile Include="RenderGraph\ComputeStage\2D-Stable-Fluids\Diffuse2DStage.cpp">
      <Filter>RenderGraph\ComputeStage\2D-Stable-Fluids</Filter>
    </ClCompile>
    <ClCompile Include="RenderGraph\ComputeStage\2D-Stable-Fluids\ForceApply2DStage.cpp">
      <Filter>RenderGraph\ComputeStage\2D-Stable-Fluids</Filter>
    </ClCompile>
    <ClCompile Include="RenderGraph\ComputeStage\2D-Stable-Fluids\Sourcing2DStage.cpp">
      <Filter>RenderGraph\ComputeStage\2D-Stable-Fluids</Filter>
    </ClCompile>
    <ClCompile Include="RenderGraph\ComputeStage\ComputeStage.cpp">
      <Filter>RenderGraph\ComputeStage</Filter>
    </ClCompile>
    <ClCompile Include="RenderGraph\ComputeStage\TestCS.cpp">
      <Filter>RenderGraph\ComputeStage</Filter>
    </ClCompile>
    <ClCompile Include="RenderGraph\CopyStage.cpp">
      <Filter>RenderGraph</Filter>
    </ClCompile>
    <ClCompile Include="RenderGraph\DrawStage.cpp">
      <Filter>RenderGraph</Filter>
    </ClCompile>
    <ClCompile Include="RenderGraph\RenderGraph.cpp">
      <Filter>RenderGraph</Filter>
    </ClCompile>
    <ClCompile Include="RenderGraph\ResourceStage\2D-Stable-Fluids\Pressure2DStage.cpp">
      <Filter>RenderGraph\ResourceStage\2D-Stable-Fluids</Filter>
    </ClCompile>
    <ClCompile Include="RenderGraph\ResourceStage\2D-Stable-Fluids\Quantity2DStage.cpp">
      <Filter>RenderGraph\ResourceStage\2D-Stable-Fluids</Filter>
    </ClCompile>
    <ClCompile Include="RenderGraph\ResourceStage\2D-Stable-Fluids\Velocity2DStage.cpp">
      <Filter>RenderGraph\ResourceStage\2D-Stable-Fluids</Filter>
    </ClCompile>
    <ClCompile Include="RenderGraph\ResourceStage\BackBufferStage.cpp">
      <Filter>RenderGraph\ResourceStage</Filter>
    </ClCompile>
    <ClCompile Include="RenderGraph\ResourceStage\ResourceStage.cpp">
      <Filter>RenderGraph\ResourceStage</Filter>
    </ClCompile>
    <ClCompile Include="RenderGraph\Stage.cpp">
      <Filter>RenderGraph</Filter>
    </ClCompile>
    <ClCompile Include="RenderObject\Material.cpp">
      <Filter>RenderObject</Filter>
    </ClCompile>
    <ClCompile Include="RenderObject\Mesh.cpp">
      <Filter>RenderObject</Filter>
    </ClCompile>
    <ClCompile Include="RenderObject\PSTextures.cpp">
      <Filter>RenderObject</Filter>
    </ClCompile>
    <ClCompile Include="RenderObject\PipelineStateObject.cpp">
      <Filter>RenderObject</Filter>
    </ClCompile>
    <ClCompile Include="RenderObject\RenderObject.cpp">
      <Filter>RenderObject</Filter>
    </ClCompile>
    <ClCompile Include="RenderObject\Sphere.cpp">
      <Filter>RenderObject</Filter>
    </ClCompile>
    <ClCompile Include="RenderObject\Transform.cpp">
      <Filter>RenderObject</Filter>
    </ClCompile>
    <ClCompile Include="RenderObject\Triangle.cpp">
      <Filter>RenderObject</Filter>
    </ClCompile>
    <ClCompile Include="Renderer\Camera.cpp">
      <Filter>Renderer</Filter>
    </ClCompile>
    <ClCompile Include="Renderer\ImGuiRenderer.cpp">
      <Filter>Renderer</Filter>
    </ClCompile>
    <ClCompile Include="Renderer\Renderer.cpp">
      <Filter>Renderer</Filter>
    </ClCompile>
    <ClCompile Include="Utils\CircularQueue.cpp">
      <Filter>Utils</Filter>
    </ClCompile>
    <ClCompile Include="Utils\Clk.cpp">
      <Filter>Utils</Filter>
    </ClCompile>
    <ClCompile Include="pch.cpp" />
  </ItemGroup>
  <ItemGroup>
    <FxCompile Include="HLSL_CS\Advection2D_CS.hlsl">
      <Filter>HLSL_CS</Filter>
    </FxCompile>
    <FxCompile Include="HLSL_CS\Sourcing2D_CS.hlsl">
      <Filter>HLSL_CS</Filter>
    </FxCompile>
    <FxCompile Include="HLSL_CS\Test2CS.hlsl">
      <Filter>HLSL_CS</Filter>
    </FxCompile>
    <FxCompile Include="HLSL_CS\test1CS.hlsl">
      <Filter>HLSL_CS</Filter>
    </FxCompile>
    <FxCompile Include="HLSL_CS\testCS.hlsl">
      <Filter>HLSL_CS</Filter>
    </FxCompile>
    <FxCompile Include="HLSL_PS\spherePS.hlsl">
      <Filter>HLSL_PS</Filter>
    </FxCompile>
    <FxCompile Include="HLSL_PS\testPS.hlsl">
      <Filter>HLSL_PS</Filter>
    </FxCompile>
    <FxCompile Include="HLSL_VS\sphereVS.hlsl">
      <Filter>HLSL_VS</Filter>
    </FxCompile>
    <FxCompile Include="HLSL_VS\testVS.hlsl">
      <Filter>HLSL_VS</Filter>
    </FxCompile>
  </ItemGroup>
</Project>