<?xml version="1.0" encoding="utf-8"?>
<Project ToolsVersion="4.0" xmlns="http://schemas.microsoft.com/developer/msbuild/2003">
  <ItemGroup>
    <Filter Include="3rd_party">
      <UniqueIdentifier>{BD86B353-29F1-67CA-722F-1970DED8451F}</UniqueIdentifier>
    </Filter>
    <Filter Include="3rd_party\imgui-docking">
      <UniqueIdentifier>{539D2C72-BFD4-7409-C8DE-D82C34959B02}</UniqueIdentifier>
    </Filter>
    <Filter Include="3rd_party\imgui-docking\backends">
      <UniqueIdentifier>{DDC4AF5B-C915-9B9D-F279-895FDE292E07}</UniqueIdentifier>
    </Filter>
    <Filter Include="3rd_party\imgui-docking\misc">
      <UniqueIdentifier>{0EFCC2AC-FAB6-B258-A36E-2BA38F08FDE8}</UniqueIdentifier>
    </Filter>
    <Filter Include="3rd_party\imgui-docking\misc\cpp">
      <UniqueIdentifier>{E0CCF90E-CC1D-E550-F581-D312E13178BA}</UniqueIdentifier>
    </Filter>
    <Filter Include="3rd_party\imgui-docking\misc\fonts">
      <UniqueIdentifier>{E748D6B4-D384-D91E-3C97-F11528F28139}</UniqueIdentifier>
    </Filter>
    <Filter Include="3rd_party\imgui-docking\misc\freetype">
      <UniqueIdentifier>{816AF385-ED2E-F275-B694-224022188EAB}</UniqueIdentifier>
    </Filter>
    <Filter Include="3rd_party\imgui-docking\misc\single_file">
      <UniqueIdentifier>{FE4909DA-EAC6-FC1C-1344-FD30FF1F99B0}</UniqueIdentifier>
    </Filter>
  </ItemGroup>
  <ItemGroup>
    <ClInclude Include="Camera.h" />
    <ClInclude Include="CircularQueue.h" />
    <ClInclude Include="Clk.h" />
    <ClInclude Include="Game.h" />
    <ClInclude Include="ImGuiRenderer.h" />
    <ClInclude Include="Input.h" />
    <ClInclude Include="Mesh.h" />
    <ClInclude Include="PSTextures.h" />
    <ClInclude Include="PipelineStateObject.h" />
    <ClInclude Include="Renderer.h" />
    <ClInclude Include="Sphere.h" />
    <ClInclude Include="Test.h" />
    <ClInclude Include="Transform.h" />
    <ClInclude Include="Triangle.h" />
    <ClInclude Include="Win32.h" />
    <ClInclude Include="pch.h" />
    <ClInclude Include="RenderGraph.h" />
    <ClInclude Include="Stage.h" />
    <ClInclude Include="ComputeStage.h" />
    <ClInclude Include="DrawStage.h" />
    <ClInclude Include="RenderObject.h" />
    <ClInclude Include="Material.h" />
    <ClInclude Include="ComputeStageBuilders.h" />
    <ClInclude Include="ResourceStage.h" />
  </ItemGroup>
  <ItemGroup>
    <ClCompile Include="Camera.cpp" />
    <ClCompile Include="CircularQueue.cpp" />
    <ClCompile Include="Clk.cpp" />
    <ClCompile Include="Game.cpp" />
    <ClCompile Include="ImGuiRenderer.cpp" />
    <ClCompile Include="Input.cpp" />
    <ClCompile Include="Mesh.cpp" />
    <ClCompile Include="PSTextures.cpp" />
    <ClCompile Include="PipelineStateObject.cpp" />
    <ClCompile Include="Renderer.cpp" />
    <ClCompile Include="Sphere.cpp" />
    <ClCompile Include="Test.cpp" />
    <ClCompile Include="Transform.cpp" />
    <ClCompile Include="Triangle.cpp" />
    <ClCompile Include="Win32.cpp" />
    <ClCompile Include="main.cpp" />
    <ClCompile Include="pch.cpp" />
    <ClCompile Include="RenderGraph.cpp" />
    <ClCompile Include="Stage.cpp" />
    <ClCompile Include="ComputeStage.cpp" />
    <ClCompile Include="DrawStage.cpp" />
    <ClCompile Include="RenderObject.cpp" />
    <ClCompile Include="Material.cpp" />
    <ClCompile Include="ComputeStageBuilders.cpp" />
    <ClCompile Include="ResourceStage.cpp" />
  </ItemGroup>
  <ItemGroup>
    <FxCompile Include="spherePS.hlsl" />
    <FxCompile Include="sphereVS.hlsl" />
    <FxCompile Include="testPS.hlsl" />
    <FxCompile Include="testVS.hlsl" />
    <FxCompile Include="testCS.hlsl" />
    <FxCompile Include="test1CS.hlsl" />
    <FxCompile Include="Test2CS.hlsl" />
    <FxCompile Include="SourcingTestCS.hlsl" />
  </ItemGroup>
</Project>