<?xml version="1.0" encoding="utf-8"?>
<Project ToolsVersion="4.0" xmlns="http://schemas.microsoft.com/developer/msbuild/2003">
  <ItemGroup>
    <Filter Include="HLSL_CS">
      <UniqueIdentifier>{2DFF7161-99DE-F0FC-A2F6-7BD30E55575E}</UniqueIdentifier>
    </Filter>
    <Filter Include="HLSL_PS">
      <UniqueIdentifier>{DA007261-46E0-F0FC-4FF8-7BD3BB56575E}</UniqueIdentifier>
    </Filter>
    <Filter Include="HLSL_VS">
      <UniqueIdentifier>{A0017261-0CE1-F0FC-15F9-7BD38157575E}</UniqueIdentifier>
    </Filter>
    <Filter Include="Platform">
      <UniqueIdentifier>{2AC788B4-1694-E3BF-3FAD-D1672BD9184E}</UniqueIdentifier>
    </Filter>
    <Filter Include="RenderGraph">
      <UniqueIdentifier>{57D96100-C38E-DAF5-4C83-D4CCB837D1F9}</UniqueIdentifier>
    </Filter>
    <Filter Include="RenderGraph\ComputeStage">
      <UniqueIdentifier>{5722281B-4347-779B-6C92-5C2B581676B9}</UniqueIdentifier>
    </Filter>
    <Filter Include="RenderGraph\ComputeStage\2D-Stable-Fluids">
      <UniqueIdentifier>{D886C057-44A1-23F9-8DC3-338DF91C4B00}</UniqueIdentifier>
    </Filter>
    <Filter Include="RenderGraph\ComputeStage\3D-Stable-Fluids">
      <UniqueIdentifier>{B9ACF563-25C7-5805-6EE9-6899DA42800C}</UniqueIdentifier>
    </Filter>
    <Filter Include="RenderGraph\ConstantBufferStage">
      <UniqueIdentifier>{1ED433FA-8AB7-423A-93BA-7076FF1C098B}</UniqueIdentifier>
    </Filter>
    <Filter Include="RenderGraph\DrawStage">
      <UniqueIdentifier>{A8479CC0-14B4-57BB-DDA7-EF1849D37923}</UniqueIdentifier>
    </Filter>
    <Filter Include="RenderGraph\ResourceStage">
      <UniqueIdentifier>{22E6970E-8EA8-CB98-D758-5A25435AA476}</UniqueIdentifier>
    </Filter>
    <Filter Include="RenderObject">
      <UniqueIdentifier>{9C81291E-88E4-B8C2-316A-F1781DAC8445}</UniqueIdentifier>
    </Filter>
    <Filter Include="Renderer">
      <UniqueIdentifier>{7CCE658F-689B-C09A-91B4-AE427DE0F528}</UniqueIdentifier>
    </Filter>
    <Filter Include="Utils">
      <UniqueIdentifier>{F68B420E-62A0-6ABF-2B22-0E1F97F566F0}</UniqueIdentifier>
    </Filter>
  </ItemGroup>
  <ItemGroup>
    <ClInclude Include="Game.h" />
    <ClInclude Include="Platform\Input.h">
      <Filter>Platform</Filter>
    </ClInclude>
    <ClInclude Include="Platform\Win32.h">
      <Filter>Platform</Filter>
    </ClInclude>
    <ClInclude Include="RenderGraph\ComputeStage\2D-Stable-Fluids\Advection2DStage.h">
      <Filter>RenderGraph\ComputeStage\2D-Stable-Fluids</Filter>
    </ClInclude>
    <ClInclude Include="RenderGraph\ComputeStage\2D-Stable-Fluids\Divergence2DStage.h">
      <Filter>RenderGraph\ComputeStage\2D-Stable-Fluids</Filter>
    </ClInclude>
    <ClInclude Include="RenderGraph\ComputeStage\2D-Stable-Fluids\GradientSubtract2DStage.h">
      <Filter>RenderGraph\ComputeStage\2D-Stable-Fluids</Filter>
    </ClInclude>
    <ClInclude Include="RenderGraph\ComputeStage\2D-Stable-Fluids\Poisson2D1DStage.h">
      <Filter>RenderGraph\ComputeStage\2D-Stable-Fluids</Filter>
    </ClInclude>
    <ClInclude Include="RenderGraph\ComputeStage\2D-Stable-Fluids\Poisson2D2DStage.h">
      <Filter>RenderGraph\ComputeStage\2D-Stable-Fluids</Filter>
    </ClInclude>
    <ClInclude Include="RenderGraph\ComputeStage\2D-Stable-Fluids\Poisson2D4DStage.h">
      <Filter>RenderGraph\ComputeStage\2D-Stable-Fluids</Filter>
    </ClInclude>
    <ClInclude Include="RenderGraph\ComputeStage\2D-Stable-Fluids\Sourcing2DStage.h">
      <Filter>RenderGraph\ComputeStage\2D-Stable-Fluids</Filter>
    </ClInclude>
    <ClInclude Include="RenderGraph\ComputeStage\3D-Stable-Fluids\Advection3DStage.h">
      <Filter>RenderGraph\ComputeStage\3D-Stable-Fluids</Filter>
    </ClInclude>
    <ClInclude Include="RenderGraph\ComputeStage\3D-Stable-Fluids\Diffusion3DStage.h">
      <Filter>RenderGraph\ComputeStage\3D-Stable-Fluids</Filter>
    </ClInclude>
    <ClInclude Include="RenderGraph\ComputeStage\3D-Stable-Fluids\Divergence3DStage.h">
      <Filter>RenderGraph\ComputeStage\3D-Stable-Fluids</Filter>
    </ClInclude>
    <ClInclude Include="RenderGraph\ComputeStage\3D-Stable-Fluids\ExternalForces3DStage.h">
      <Filter>RenderGraph\ComputeStage\3D-Stable-Fluids</Filter>
    </ClInclude>
    <ClInclude Include="RenderGraph\ComputeStage\3D-Stable-Fluids\Initializer3DStage.h">
      <Filter>RenderGraph\ComputeStage\3D-Stable-Fluids</Filter>
    </ClInclude>
    <ClInclude Include="RenderGraph\ComputeStage\3D-Stable-Fluids\MCAdvection3DStage.h">
      <Filter>RenderGraph\ComputeStage\3D-Stable-Fluids</Filter>
    </ClInclude>
    <ClInclude Include="RenderGraph\ComputeStage\3D-Stable-Fluids\Poisson3D1DStage.h">
      <Filter>RenderGraph\ComputeStage\3D-Stable-Fluids</Filter>
    </ClInclude>
    <ClInclude Include="RenderGraph\ComputeStage\3D-Stable-Fluids\Poisson3D4DStage.h">
      <Filter>RenderGraph\ComputeStage\3D-Stable-Fluids</Filter>
    </ClInclude>
    <ClInclude Include="RenderGraph\ComputeStage\3D-Stable-Fluids\PressureProjection3DStage.h">
      <Filter>RenderGraph\ComputeStage\3D-Stable-Fluids</Filter>
    </ClInclude>
    <ClInclude Include="RenderGraph\ComputeStage\3D-Stable-Fluids\Sourcing3DStage.h">
      <Filter>RenderGraph\ComputeStage\3D-Stable-Fluids</Filter>
    </ClInclude>
    <ClInclude Include="RenderGraph\ComputeStage\3D-Stable-Fluids\Texture3DTest.h">
      <Filter>RenderGraph\ComputeStage\3D-Stable-Fluids</Filter>
    </ClInclude>
    <ClInclude Include="RenderGraph\ComputeStage\Compute2DStage.h">
      <Filter>RenderGraph\ComputeStage</Filter>
    </ClInclude>
    <ClInclude Include="RenderGraph\ComputeStage\Compute3DStage.h">
      <Filter>RenderGraph\ComputeStage</Filter>
    </ClInclude>
    <ClInclude Include="RenderGraph\ComputeStage\Initializer2DStage.h">
      <Filter>RenderGraph\ComputeStage</Filter>
    </ClInclude>
    <ClInclude Include="RenderGraph\ConstantBufferStage\CBFluid.h">
      <Filter>RenderGraph\ConstantBufferStage</Filter>
    </ClInclude>
    <ClInclude Include="RenderGraph\ConstantBufferStage\CBPoisson.h">
      <Filter>RenderGraph\ConstantBufferStage</Filter>
    </ClInclude>
    <ClInclude Include="RenderGraph\ConstantBufferStage\CBTimestep.h">
      <Filter>RenderGraph\ConstantBufferStage</Filter>
    </ClInclude>
    <ClInclude Include="RenderGraph\ConstantBufferStage\CBViscosity.h">
      <Filter>RenderGraph\ConstantBufferStage</Filter>
    </ClInclude>
    <ClInclude Include="RenderGraph\ConstantBufferStage\ConstantBufferStage.h">
      <Filter>RenderGraph\ConstantBufferStage</Filter>
    </ClInclude>
    <ClInclude Include="RenderGraph\CopyStage.h">
      <Filter>RenderGraph</Filter>
    </ClInclude>
    <ClInclude Include="RenderGraph\DrawStage\DrawSceneStage.h">
      <Filter>RenderGraph\DrawStage</Filter>
    </ClInclude>
    <ClInclude Include="RenderGraph\DrawStage\DrawStage.h">
      <Filter>RenderGraph\DrawStage</Filter>
    </ClInclude>
    <ClInclude Include="RenderGraph\DrawStage\DrawVolumeStage.h">
      <Filter>RenderGraph\DrawStage</Filter>
    </ClInclude>
    <ClInclude Include="RenderGraph\DrawStage\SceneGraph.h">
      <Filter>RenderGraph\DrawStage</Filter>
    </ClInclude>
    <ClInclude Include="RenderGraph\NodeManager.h">
      <Filter>RenderGraph</Filter>
    </ClInclude>
    <ClInclude Include="RenderGraph\RenderGraph.h">
      <Filter>RenderGraph</Filter>
    </ClInclude>
    <ClInclude Include="RenderGraph\ResourceStage\BackBufferStage.h">
      <Filter>RenderGraph\ResourceStage</Filter>
    </ClInclude>
    <ClInclude Include="RenderGraph\ResourceStage\Pressure2D1DStage.h">
      <Filter>RenderGraph\ResourceStage</Filter>
    </ClInclude>
    <ClInclude Include="RenderGraph\ResourceStage\Pressure3D1DStage.h">
      <Filter>RenderGraph\ResourceStage</Filter>
    </ClInclude>
    <ClInclude Include="RenderGraph\ResourceStage\ResourceStage.h">
      <Filter>RenderGraph\ResourceStage</Filter>
    </ClInclude>
    <ClInclude Include="RenderGraph\ResourceStage\ViewportStage.h">
      <Filter>RenderGraph\ResourceStage</Filter>
    </ClInclude>
    <ClInclude Include="RenderGraph\Stage.h">
      <Filter>RenderGraph</Filter>
    </ClInclude>
    <ClInclude Include="RenderObject\Material.h">
      <Filter>RenderObject</Filter>
    </ClInclude>
    <ClInclude Include="RenderObject\Mesh.h">
      <Filter>RenderObject</Filter>
    </ClInclude>
    <ClInclude Include="RenderObject\PSTextures.h">
      <Filter>RenderObject</Filter>
    </ClInclude>
    <ClInclude Include="RenderObject\PipelineStateObject.h">
      <Filter>RenderObject</Filter>
    </ClInclude>
    <ClInclude Include="RenderObject\RenderObject.h">
      <Filter>RenderObject</Filter>
    </ClInclude>
    <ClInclude Include="RenderObject\Sphere.h">
      <Filter>RenderObject</Filter>
    </ClInclude>
    <ClInclude Include="RenderObject\Transform.h">
      <Filter>RenderObject</Filter>
    </ClInclude>
    <ClInclude Include="RenderObject\Triangle.h">
      <Filter>RenderObject</Filter>
    </ClInclude>
    <ClInclude Include="RenderObject\VolumeCube.h">
      <Filter>RenderObject</Filter>
    </ClInclude>
    <ClInclude Include="Renderer\Camera.h">
      <Filter>Renderer</Filter>
    </ClInclude>
    <ClInclude Include="Renderer\ImGuiRenderer.h">
      <Filter>Renderer</Filter>
    </ClInclude>
    <ClInclude Include="Renderer\Renderer.h">
      <Filter>Renderer</Filter>
    </ClInclude>
    <ClInclude Include="Texture3D.h" />
    <ClInclude Include="Utils\CircularQueue.h">
      <Filter>Utils</Filter>
    </ClInclude>
    <ClInclude Include="Utils\Clk.h">
      <Filter>Utils</Filter>
    </ClInclude>
    <ClInclude Include="pch.h" />
  </ItemGroup>
  <ItemGroup>
    <ClCompile Include="EntryPoint.cpp" />
    <ClCompile Include="Game.cpp" />
    <ClCompile Include="Platform\Input.cpp">
      <Filter>Platform</Filter>
    </ClCompile>
    <ClCompile Include="Platform\Win32.cpp">
      <Filter>Platform</Filter>
    </ClCompile>
    <ClCompile Include="RenderGraph\ComputeStage\2D-Stable-Fluids\Advection2DStage.cpp">
      <Filter>RenderGraph\ComputeStage\2D-Stable-Fluids</Filter>
    </ClCompile>
    <ClCompile Include="RenderGraph\ComputeStage\2D-Stable-Fluids\Divergence2DStage.cpp">
      <Filter>RenderGraph\ComputeStage\2D-Stable-Fluids</Filter>
    </ClCompile>
    <ClCompile Include="RenderGraph\ComputeStage\2D-Stable-Fluids\GradientSubtract2DStage.cpp">
      <Filter>RenderGraph\ComputeStage\2D-Stable-Fluids</Filter>
    </ClCompile>
    <ClCompile Include="RenderGraph\ComputeStage\2D-Stable-Fluids\Poisson2D1DStage.cpp">
      <Filter>RenderGraph\ComputeStage\2D-Stable-Fluids</Filter>
    </ClCompile>
    <ClCompile Include="RenderGraph\ComputeStage\2D-Stable-Fluids\Poisson2D2DStage.cpp">
      <Filter>RenderGraph\ComputeStage\2D-Stable-Fluids</Filter>
    </ClCompile>
    <ClCompile Include="RenderGraph\ComputeStage\2D-Stable-Fluids\Poisson2D4DStage.cpp">
      <Filter>RenderGraph\ComputeStage\2D-Stable-Fluids</Filter>
    </ClCompile>
    <ClCompile Include="RenderGraph\ComputeStage\2D-Stable-Fluids\Sourcing2DStage.cpp">
      <Filter>RenderGraph\ComputeStage\2D-Stable-Fluids</Filter>
    </ClCompile>
    <ClCompile Include="RenderGraph\ComputeStage\3D-Stable-Fluids\Advection3DStage.cpp">
      <Filter>RenderGraph\ComputeStage\3D-Stable-Fluids</Filter>
    </ClCompile>
    <ClCompile Include="RenderGraph\ComputeStage\3D-Stable-Fluids\Diffusion3DStage.cpp">
      <Filter>RenderGraph\ComputeStage\3D-Stable-Fluids</Filter>
    </ClCompile>
    <ClCompile Include="RenderGraph\ComputeStage\3D-Stable-Fluids\Divergence3DStage.cpp">
      <Filter>RenderGraph\ComputeStage\3D-Stable-Fluids</Filter>
    </ClCompile>
    <ClCompile Include="RenderGraph\ComputeStage\3D-Stable-Fluids\ExternalForces3DStage.cpp">
      <Filter>RenderGraph\ComputeStage\3D-Stable-Fluids</Filter>
    </ClCompile>
    <ClCompile Include="RenderGraph\ComputeStage\3D-Stable-Fluids\Initializer3DStage.cpp">
      <Filter>RenderGraph\ComputeStage\3D-Stable-Fluids</Filter>
    </ClCompile>
    <ClCompile Include="RenderGraph\ComputeStage\3D-Stable-Fluids\MCAdvection3DStage.cpp">
      <Filter>RenderGraph\ComputeStage\3D-Stable-Fluids</Filter>
    </ClCompile>
    <ClCompile Include="RenderGraph\ComputeStage\3D-Stable-Fluids\Poisson3D1DStage.cpp">
      <Filter>RenderGraph\ComputeStage\3D-Stable-Fluids</Filter>
    </ClCompile>
    <ClCompile Include="RenderGraph\ComputeStage\3D-Stable-Fluids\Poisson3D4DStage.cpp">
      <Filter>RenderGraph\ComputeStage\3D-Stable-Fluids</Filter>
    </ClCompile>
    <ClCompile Include="RenderGraph\ComputeStage\3D-Stable-Fluids\PressureProjection3DStage.cpp">
      <Filter>RenderGraph\ComputeStage\3D-Stable-Fluids</Filter>
    </ClCompile>
    <ClCompile Include="RenderGraph\ComputeStage\3D-Stable-Fluids\Sourcing3DStage.cpp">
      <Filter>RenderGraph\ComputeStage\3D-Stable-Fluids</Filter>
    </ClCompile>
    <ClCompile Include="RenderGraph\ComputeStage\3D-Stable-Fluids\Texture3DTest.cpp">
      <Filter>RenderGraph\ComputeStage\3D-Stable-Fluids</Filter>
    </ClCompile>
    <ClCompile Include="RenderGraph\ComputeStage\Compute2DStage.cpp">
      <Filter>RenderGraph\ComputeStage</Filter>
    </ClCompile>
    <ClCompile Include="RenderGraph\ComputeStage\Compute3DStage.cpp">
      <Filter>RenderGraph\ComputeStage</Filter>
    </ClCompile>
    <ClCompile Include="RenderGraph\ComputeStage\Initializer2DStage.cpp">
      <Filter>RenderGraph\ComputeStage</Filter>
    </ClCompile>
    <ClCompile Include="RenderGraph\ConstantBufferStage\CBFluid.cpp">
      <Filter>RenderGraph\ConstantBufferStage</Filter>
    </ClCompile>
    <ClCompile Include="RenderGraph\ConstantBufferStage\CBPoisson.cpp">
      <Filter>RenderGraph\ConstantBufferStage</Filter>
    </ClCompile>
    <ClCompile Include="RenderGraph\ConstantBufferStage\CBTimestep.cpp">
      <Filter>RenderGraph\ConstantBufferStage</Filter>
    </ClCompile>
    <ClCompile Include="RenderGraph\ConstantBufferStage\CBViscosity.cpp">
      <Filter>RenderGraph\ConstantBufferStage</Filter>
    </ClCompile>
    <ClCompile Include="RenderGraph\ConstantBufferStage\ConstantBufferStage.cpp">
      <Filter>RenderGraph\ConstantBufferStage</Filter>
    </ClCompile>
    <ClCompile Include="RenderGraph\CopyStage.cpp">
      <Filter>RenderGraph</Filter>
    </ClCompile>
    <ClCompile Include="RenderGraph\DrawStage\DrawSceneStage.cpp">
      <Filter>RenderGraph\DrawStage</Filter>
    </ClCompile>
    <ClCompile Include="RenderGraph\DrawStage\DrawStage.cpp">
      <Filter>RenderGraph\DrawStage</Filter>
    </ClCompile>
    <ClCompile Include="RenderGraph\DrawStage\DrawVolumeStage.cpp">
      <Filter>RenderGraph\DrawStage</Filter>
    </ClCompile>
    <ClCompile Include="RenderGraph\DrawStage\SceneGraph.cpp">
      <Filter>RenderGraph\DrawStage</Filter>
    </ClCompile>
    <ClCompile Include="RenderGraph\NodeManager.cpp">
      <Filter>RenderGraph</Filter>
    </ClCompile>
    <ClCompile Include="RenderGraph\RenderGraph.cpp">
      <Filter>RenderGraph</Filter>
    </ClCompile>
    <ClCompile Include="RenderGraph\ResourceStage\BackBufferStage.cpp">
      <Filter>RenderGraph\ResourceStage</Filter>
    </ClCompile>
    <ClCompile Include="RenderGraph\ResourceStage\Pressure2D1DStage.cpp">
      <Filter>RenderGraph\ResourceStage</Filter>
    </ClCompile>
    <ClCompile Include="RenderGraph\ResourceStage\Pressure3D1DStage.cpp">
      <Filter>RenderGraph\ResourceStage</Filter>
    </ClCompile>
    <ClCompile Include="RenderGraph\ResourceStage\ResourceStage.cpp">
      <Filter>RenderGraph\ResourceStage</Filter>
    </ClCompile>
    <ClCompile Include="RenderGraph\ResourceStage\ViewportStage.cpp">
      <Filter>RenderGraph\ResourceStage</Filter>
    </ClCompile>
    <ClCompile Include="RenderGraph\Stage.cpp">
      <Filter>RenderGraph</Filter>
    </ClCompile>
    <ClCompile Include="RenderObject\Material.cpp">
      <Filter>RenderObject</Filter>
    </ClCompile>
    <ClCompile Include="RenderObject\Mesh.cpp">
      <Filter>RenderObject</Filter>
    </ClCompile>
    <ClCompile Include="RenderObject\PSTextures.cpp">
      <Filter>RenderObject</Filter>
    </ClCompile>
    <ClCompile Include="RenderObject\PipelineStateObject.cpp">
      <Filter>RenderObject</Filter>
    </ClCompile>
    <ClCompile Include="RenderObject\RenderObject.cpp">
      <Filter>RenderObject</Filter>
    </ClCompile>
    <ClCompile Include="RenderObject\Sphere.cpp">
      <Filter>RenderObject</Filter>
    </ClCompile>
    <ClCompile Include="RenderObject\Transform.cpp">
      <Filter>RenderObject</Filter>
    </ClCompile>
    <ClCompile Include="RenderObject\Triangle.cpp">
      <Filter>RenderObject</Filter>
    </ClCompile>
    <ClCompile Include="RenderObject\VolumeCube.cpp">
      <Filter>RenderObject</Filter>
    </ClCompile>
    <ClCompile Include="Renderer\Camera.cpp">
      <Filter>Renderer</Filter>
    </ClCompile>
    <ClCompile Include="Renderer\ImGuiRenderer.cpp">
      <Filter>Renderer</Filter>
    </ClCompile>
    <ClCompile Include="Renderer\Renderer.cpp">
      <Filter>Renderer</Filter>
    </ClCompile>
    <ClCompile Include="Texture3D.cpp" />
    <ClCompile Include="Utils\CircularQueue.cpp">
      <Filter>Utils</Filter>
    </ClCompile>
    <ClCompile Include="Utils\Clk.cpp">
      <Filter>Utils</Filter>
    </ClCompile>
    <ClCompile Include="pch.cpp" />
    <ClCompile Include="temp.cpp" />
  </ItemGroup>
  <ItemGroup>
    <FxCompile Include="HLSL_CS\3DTextureTest_CS.hlsl">
      <Filter>HLSL_CS</Filter>
    </FxCompile>
    <FxCompile Include="HLSL_CS\Advection2D_CS.hlsl">
      <Filter>HLSL_CS</Filter>
    </FxCompile>
    <FxCompile Include="HLSL_CS\BoundaryCondition3D_CS.hlsl">
      <Filter>HLSL_CS</Filter>
    </FxCompile>
    <FxCompile Include="HLSL_CS\Buoyancy3D_CS.hlsl">
      <Filter>HLSL_CS</Filter>
    </FxCompile>
    <FxCompile Include="HLSL_CS\ConfineVorticity3D_CS.hlsl">
      <Filter>HLSL_CS</Filter>
    </FxCompile>
    <FxCompile Include="HLSL_CS\Diffusion3D_CS.hlsl">
      <Filter>HLSL_CS</Filter>
    </FxCompile>
    <FxCompile Include="HLSL_CS\Divergence2D_CS.hlsl">
      <Filter>HLSL_CS</Filter>
    </FxCompile>
    <FxCompile Include="HLSL_CS\Divergence3D_CS.hlsl">
      <Filter>HLSL_CS</Filter>
    </FxCompile>
    <FxCompile Include="HLSL_CS\FirstAdvection3D_CS.hlsl">
      <Filter>HLSL_CS</Filter>
    </FxCompile>
    <FxCompile Include="HLSL_CS\GradientSub2D_CS.hlsl">
      <Filter>HLSL_CS</Filter>
    </FxCompile>
    <FxCompile Include="HLSL_CS\Gravity3D_CS.hlsl">
      <Filter>HLSL_CS</Filter>
    </FxCompile>
    <FxCompile Include="HLSL_CS\Initializer2D_CS.hlsl">
      <Filter>HLSL_CS</Filter>
    </FxCompile>
    <FxCompile Include="HLSL_CS\Initializer3D_CS.hlsl">
      <Filter>HLSL_CS</Filter>
    </FxCompile>
    <FxCompile Include="HLSL_CS\MacCormackAdvection3D_CS.hlsl">
      <Filter>HLSL_CS</Filter>
    </FxCompile>
    <FxCompile Include="HLSL_CS\Poisson2D1D_CS.hlsl">
      <Filter>HLSL_CS</Filter>
    </FxCompile>
    <FxCompile Include="HLSL_CS\Poisson2D2D_CS.hlsl">
      <Filter>HLSL_CS</Filter>
    </FxCompile>
    <FxCompile Include="HLSL_CS\Poisson2D4D_CS.hlsl">
      <Filter>HLSL_CS</Filter>
    </FxCompile>
    <FxCompile Include="HLSL_CS\Poisson3D1D_CS.hlsl">
      <Filter>HLSL_CS</Filter>
    </FxCompile>
    <FxCompile Include="HLSL_CS\Poisson3D4D_CS.hlsl">
      <Filter>HLSL_CS</Filter>
    </FxCompile>
    <FxCompile Include="HLSL_CS\PressureProjection3D_CS.hlsl">
      <Filter>HLSL_CS</Filter>
    </FxCompile>
    <FxCompile Include="HLSL_CS\ReverseAdvection3D_CS.hlsl">
      <Filter>HLSL_CS</Filter>
    </FxCompile>
    <FxCompile Include="HLSL_CS\Sourcing2D_CS.hlsl">
      <Filter>HLSL_CS</Filter>
    </FxCompile>
    <FxCompile Include="HLSL_CS\Sourcing3D_CS.hlsl">
      <Filter>HLSL_CS</Filter>
    </FxCompile>
    <FxCompile Include="HLSL_CS\Vector4DUnorm_CS.hlsl">
      <Filter>HLSL_CS</Filter>
    </FxCompile>
    <FxCompile Include="HLSL_CS\Vorticity3D_CS.hlsl">
      <Filter>HLSL_CS</Filter>
    </FxCompile>
    <FxCompile Include="HLSL_PS\DrawUV_PS.hlsl">
      <Filter>HLSL_PS</Filter>
    </FxCompile>
    <FxCompile Include="HLSL_PS\SolidTex_PS.hlsl">
      <Filter>HLSL_PS</Filter>
    </FxCompile>
    <FxCompile Include="HLSL_PS\VolumeCube_PS.hlsl">
      <Filter>HLSL_PS</Filter>
    </FxCompile>
    <FxCompile Include="HLSL_PS\VolumeModel_PS.hlsl">
      <Filter>HLSL_PS</Filter>
    </FxCompile>
    <FxCompile Include="HLSL_PS\spherePS.hlsl">
      <Filter>HLSL_PS</Filter>
    </FxCompile>
    <FxCompile Include="HLSL_VS\SolidTex_VS.hlsl">
      <Filter>HLSL_VS</Filter>
    </FxCompile>
    <FxCompile Include="HLSL_VS\VolumeCube_VS.hlsl">
      <Filter>HLSL_VS</Filter>
    </FxCompile>
    <FxCompile Include="HLSL_VS\sphereVS.hlsl">
      <Filter>HLSL_VS</Filter>
    </FxCompile>
  </ItemGroup>
</Project>